
Microsoft Visual Studio Solution File, Format Version 12.00
# Visual Studio 14
VisualStudioVersion = 14.0.25420.1
MinimumVisualStudioVersion = 10.0.40219.1
Project("{2150E333-8FDC-42A3-9474-1A3956D46DE8}") = ".paket", ".paket", "{EF943912-BC6B-46A7-A526-D6F770CAF5BA}"
	ProjectSection(SolutionItems) = preProject
		..\paket.dependencies = ..\paket.dependencies
	EndProjectSection
EndProject
Project("{F2A71F9B-5D33-465A-A702-920D77279786}") = "openhardware_test", "openhardware_test\openhardware_test.fsproj", "{356158D5-98FC-4E27-BE0F-D2BA352E1C12}"
EndProject
Global
	GlobalSection(SolutionConfigurationPlatforms) = preSolution
		Debug|Any CPU = Debug|Any CPU
		Release|Any CPU = Release|Any CPU
	EndGlobalSection
	GlobalSection(ProjectConfigurationPlatforms) = postSolution
		{356158D5-98FC-4E27-BE0F-D2BA352E1C12}.Debug|Any CPU.ActiveCfg = Debug|Any CPU
		{356158D5-98FC-4E27-BE0F-D2BA352E1C12}.Debug|Any CPU.Build.0 = Debug|Any CPU
		{356158D5-98FC-4E27-BE0F-D2BA352E1C12}.Release|Any CPU.ActiveCfg = Release|Any CPU
		{356158D5-98FC-4E27-BE0F-D2BA352E1C12}.Release|Any CPU.Build.0 = Release|Any CPU
	EndGlobalSection
	GlobalSection(SolutionProperties) = preSolution
		HideSolutionNode = FALSE
	EndGlobalSection
EndGlobal
